
Microsoft Visual Studio Solution File, Format Version 12.00
# Visual Studio Version 17
VisualStudioVersion = 17.3.32825.248
MinimumVisualStudioVersion = 10.0.40219.1
Project("{FAE04EC0-301F-11D3-BF4B-00C04F79EFBC}") = "Web", "Web\Web.csproj", "{0015A662-1E55-4220-B123-F33F577B5B9F}"
EndProject
Global
	GlobalSection(SolutionConfigurationPlatforms) = preSolution
		Debug|Any CPU = Debug|Any CPU
		Release|Any CPU = Release|Any CPU
	EndGlobalSection
	GlobalSection(ProjectConfigurationPlatforms) = postSolution
		{0015A662-1E55-4220-B123-F33F577B5B9F}.Debug|Any CPU.ActiveCfg = Debug|Any CPU
		{0015A662-1E55-4220-B123-F33F577B5B9F}.Debug|Any CPU.Build.0 = Debug|Any CPU
		{0015A662-1E55-4220-B123-F33F577B5B9F}.Release|Any CPU.ActiveCfg = Release|Any CPU
		{0015A662-1E55-4220-B123-F33F577B5B9F}.Release|Any CPU.Build.0 = Release|Any CPU
	EndGlobalSection
	GlobalSection(SolutionProperties) = preSolution
		HideSolutionNode = FALSE
	EndGlobalSection
	GlobalSection(ExtensibilityGlobals) = postSolution
		SolutionGuid = {17B33AA6-038D-441B-BA19-1B4EE817A07E}
	EndGlobalSection
EndGlobal
